
Microsoft Visual Studio Solution File, Format Version 12.00
# Visual Studio 2012
Project("{FAE04EC0-301F-11D3-BF4B-00C04F79EFBC}") = "SerializeredToString", "SerializeredToString\SerializeredToString.csproj", "{D3242AE6-5692-47CE-A89C-F8ABD747923A}"
EndProject
Global
	GlobalSection(SolutionConfigurationPlatforms) = preSolution
		Debug|Any CPU = Debug|Any CPU
		Release|Any CPU = Release|Any CPU
	EndGlobalSection
	GlobalSection(ProjectConfigurationPlatforms) = postSolution
		{D3242AE6-5692-47CE-A89C-F8ABD747923A}.Debug|Any CPU.ActiveCfg = Debug|Any CPU
		{D3242AE6-5692-47CE-A89C-F8ABD747923A}.Debug|Any CPU.Build.0 = Debug|Any CPU
		{D3242AE6-5692-47CE-A89C-F8ABD747923A}.Release|Any CPU.ActiveCfg = Release|Any CPU
		{D3242AE6-5692-47CE-A89C-F8ABD747923A}.Release|Any CPU.Build.0 = Release|Any CPU
	EndGlobalSection
	GlobalSection(SolutionProperties) = preSolution
		HideSolutionNode = FALSE
	EndGlobalSection
EndGlobal
