
Microsoft Visual Studio Solution File, Format Version 12.00
# Visual Studio 2013
VisualStudioVersion = 12.0.21005.1
MinimumVisualStudioVersion = 10.0.40219.1
Project("{FAE04EC0-301F-11D3-BF4B-00C04F79EFBC}") = "CompareTools", "ExportFile\CompareTools.csproj", "{2768E3AF-D275-47E4-971F-D464AEEB93C5}"
EndProject
Project("{FAE04EC0-301F-11D3-BF4B-00C04F79EFBC}") = "SingleCheck", "SingleCheck\SingleCheck\SingleCheck.csproj", "{D5098B5C-92EA-4839-81B7-6B57BBC0352A}"
EndProject
Project("{FAE04EC0-301F-11D3-BF4B-00C04F79EFBC}") = "SingleConvert", "SingleConvert\SingleConvert\SingleConvert.csproj", "{A2FA489D-EC62-4FF9-9406-1161BB002303}"
EndProject
Project("{FAE04EC0-301F-11D3-BF4B-00C04F79EFBC}") = "Common", "Common\Common.csproj", "{2C9F46FD-BF7D-41A2-8D28-159CA32CDBA6}"
EndProject
Global
	GlobalSection(SolutionConfigurationPlatforms) = preSolution
		Debug|Any CPU = Debug|Any CPU
		Release|Any CPU = Release|Any CPU
	EndGlobalSection
	GlobalSection(ProjectConfigurationPlatforms) = postSolution
		{2768E3AF-D275-47E4-971F-D464AEEB93C5}.Debug|Any CPU.ActiveCfg = Debug|Any CPU
		{2768E3AF-D275-47E4-971F-D464AEEB93C5}.Debug|Any CPU.Build.0 = Debug|Any CPU
		{2768E3AF-D275-47E4-971F-D464AEEB93C5}.Release|Any CPU.ActiveCfg = Release|Any CPU
		{2768E3AF-D275-47E4-971F-D464AEEB93C5}.Release|Any CPU.Build.0 = Release|Any CPU
		{D5098B5C-92EA-4839-81B7-6B57BBC0352A}.Debug|Any CPU.ActiveCfg = Debug|Any CPU
		{D5098B5C-92EA-4839-81B7-6B57BBC0352A}.Debug|Any CPU.Build.0 = Debug|Any CPU
		{D5098B5C-92EA-4839-81B7-6B57BBC0352A}.Release|Any CPU.ActiveCfg = Release|Any CPU
		{D5098B5C-92EA-4839-81B7-6B57BBC0352A}.Release|Any CPU.Build.0 = Release|Any CPU
		{A2FA489D-EC62-4FF9-9406-1161BB002303}.Debug|Any CPU.ActiveCfg = Debug|Any CPU
		{A2FA489D-EC62-4FF9-9406-1161BB002303}.Debug|Any CPU.Build.0 = Debug|Any CPU
		{A2FA489D-EC62-4FF9-9406-1161BB002303}.Release|Any CPU.ActiveCfg = Release|Any CPU
		{A2FA489D-EC62-4FF9-9406-1161BB002303}.Release|Any CPU.Build.0 = Release|Any CPU
		{2C9F46FD-BF7D-41A2-8D28-159CA32CDBA6}.Debug|Any CPU.ActiveCfg = Debug|Any CPU
		{2C9F46FD-BF7D-41A2-8D28-159CA32CDBA6}.Debug|Any CPU.Build.0 = Debug|Any CPU
		{2C9F46FD-BF7D-41A2-8D28-159CA32CDBA6}.Release|Any CPU.ActiveCfg = Release|Any CPU
		{2C9F46FD-BF7D-41A2-8D28-159CA32CDBA6}.Release|Any CPU.Build.0 = Release|Any CPU
	EndGlobalSection
	GlobalSection(SolutionProperties) = preSolution
		HideSolutionNode = FALSE
	EndGlobalSection
EndGlobal
