
Microsoft Visual Studio Solution File, Format Version 12.00
# Visual Studio 2012
Project("{FAE04EC0-301F-11D3-BF4B-00C04F79EFBC}") = "LinqOperation", "LinqOperation\LinqOperation.csproj", "{D310F182-5998-468B-8C0C-D3D97AA8DDCB}"
EndProject
Global
	GlobalSection(SolutionConfigurationPlatforms) = preSolution
		Debug|Any CPU = Debug|Any CPU
		Release|Any CPU = Release|Any CPU
	EndGlobalSection
	GlobalSection(ProjectConfigurationPlatforms) = postSolution
		{D310F182-5998-468B-8C0C-D3D97AA8DDCB}.Debug|Any CPU.ActiveCfg = Debug|Any CPU
		{D310F182-5998-468B-8C0C-D3D97AA8DDCB}.Debug|Any CPU.Build.0 = Debug|Any CPU
		{D310F182-5998-468B-8C0C-D3D97AA8DDCB}.Release|Any CPU.ActiveCfg = Release|Any CPU
		{D310F182-5998-468B-8C0C-D3D97AA8DDCB}.Release|Any CPU.Build.0 = Release|Any CPU
	EndGlobalSection
	GlobalSection(SolutionProperties) = preSolution
		HideSolutionNode = FALSE
	EndGlobalSection
EndGlobal
