
Microsoft Visual Studio Solution File, Format Version 12.00
# Visual Studio 2012
Project("{FAE04EC0-301F-11D3-BF4B-00C04F79EFBC}") = "GenericMethod", "GenericMethod\GenericMethod.csproj", "{B5B407AE-6775-4BDF-8611-24DD2CAAEF68}"
EndProject
Global
	GlobalSection(SolutionConfigurationPlatforms) = preSolution
		Debug|Any CPU = Debug|Any CPU
		Release|Any CPU = Release|Any CPU
	EndGlobalSection
	GlobalSection(ProjectConfigurationPlatforms) = postSolution
		{B5B407AE-6775-4BDF-8611-24DD2CAAEF68}.Debug|Any CPU.ActiveCfg = Debug|Any CPU
		{B5B407AE-6775-4BDF-8611-24DD2CAAEF68}.Debug|Any CPU.Build.0 = Debug|Any CPU
		{B5B407AE-6775-4BDF-8611-24DD2CAAEF68}.Release|Any CPU.ActiveCfg = Release|Any CPU
		{B5B407AE-6775-4BDF-8611-24DD2CAAEF68}.Release|Any CPU.Build.0 = Release|Any CPU
	EndGlobalSection
	GlobalSection(SolutionProperties) = preSolution
		HideSolutionNode = FALSE
	EndGlobalSection
EndGlobal
